// !$*UTF8*$!
{
	archiveVersion = 1;
	classes = {
	};
	objectVersion = 56;
	objects = {

/* Begin PBXBuildFile section */
		3F395E8A2A0454B400970BA0 /* sect_Part2dot2.swift in Sources */ = {isa = PBXBuildFile; fileRef = 3F395E892A0454B400970BA0 /* sect_Part2dot2.swift */; };
		3F395E8E2A04618200970BA0 /* Sunny_green_paddy_fields_with_trees_and_long_shadows_at_golden_hour.jpg in Resources */ = {isa = PBXBuildFile; fileRef = 3F395E8C2A04618200970BA0 /* Sunny_green_paddy_fields_with_trees_and_long_shadows_at_golden_hour.jpg */; };
		3F395E8F2A04618200970BA0 /* pexels-pixabay-68474.jpg in Resources */ = {isa = PBXBuildFile; fileRef = 3F395E8D2A04618200970BA0 /* pexels-pixabay-68474.jpg */; };
		3F395E922A052AB900970BA0 /* sect_Part2dot3.swift in Sources */ = {isa = PBXBuildFile; fileRef = 3F395E912A052AB900970BA0 /* sect_Part2dot3.swift */; };
		3F4149B329E721BD0093122E /* DrawingApp.swift in Sources */ = {isa = PBXBuildFile; fileRef = 3F4149B229E721BD0093122E /* DrawingApp.swift */; };
		3F4149B529E721BD0093122E /* ContentView.swift in Sources */ = {isa = PBXBuildFile; fileRef = 3F4149B429E721BD0093122E /* ContentView.swift */; };
		3F4149B729E721BF0093122E /* Assets.xcassets in Resources */ = {isa = PBXBuildFile; fileRef = 3F4149B629E721BF0093122E /* Assets.xcassets */; };
		3F4149BA29E721BF0093122E /* Preview Assets.xcassets in Resources */ = {isa = PBXBuildFile; fileRef = 3F4149B929E721BF0093122E /* Preview Assets.xcassets */; };
		3F4149C429E721BF0093122E /* DrawingTests.swift in Sources */ = {isa = PBXBuildFile; fileRef = 3F4149C329E721BF0093122E /* DrawingTests.swift */; };
		3F4149CE29E721C00093122E /* DrawingUITests.swift in Sources */ = {isa = PBXBuildFile; fileRef = 3F4149CD29E721C00093122E /* DrawingUITests.swift */; };
		3F4149D029E721C00093122E /* DrawingUITestsLaunchTests.swift in Sources */ = {isa = PBXBuildFile; fileRef = 3F4149CF29E721C00093122E /* DrawingUITestsLaunchTests.swift */; };
		3F5D4A212A0C227100372EDA /* ArrowView.swift in Sources */ = {isa = PBXBuildFile; fileRef = 3F5D4A202A0C227100372EDA /* ArrowView.swift */; };
		3F9DE45C2A0848450078A24C /* sect_Part3dot1.swift in Sources */ = {isa = PBXBuildFile; fileRef = 3F9DE45B2A0848450078A24C /* sect_Part3dot1.swift */; };
		3F9DE45E2A0849220078A24C /* 262355.png in Resources */ = {isa = PBXBuildFile; fileRef = 3F9DE45D2A0849220078A24C /* 262355.png */; };
		3F9DE4622A09A0E20078A24C /* sect_Part3dot2.swift in Sources */ = {isa = PBXBuildFile; fileRef = 3F9DE4612A09A0E20078A24C /* sect_Part3dot2.swift */; };
		3FB0BA472A0AD845007937B1 /* sect_Part3dot3.swift in Sources */ = {isa = PBXBuildFile; fileRef = 3FB0BA462A0AD845007937B1 /* sect_Part3dot3.swift */; };
		3FB0BA492A0B0841007937B1 /* sect_Part3dot4.swift in Sources */ = {isa = PBXBuildFile; fileRef = 3FB0BA482A0B0841007937B1 /* sect_Part3dot4.swift */; };
		3FF35F692A0060E500EC32C2 /* impl_Part1dot2.swift in Sources */ = {isa = PBXBuildFile; fileRef = 3FF35F682A0060E500EC32C2 /* impl_Part1dot2.swift */; };
		3FF35F6B2A00645100EC32C2 /* impl_Part1dot3.swift in Sources */ = {isa = PBXBuildFile; fileRef = 3FF35F6A2A00645100EC32C2 /* impl_Part1dot3.swift */; };
		3FF35F6D2A01A74900EC32C2 /* impl_Part1dot4.swift in Sources */ = {isa = PBXBuildFile; fileRef = 3FF35F6C2A01A74900EC32C2 /* impl_Part1dot4.swift */; };
		3FF35F702A01AF3900EC32C2 /* sect_Part2dot1.swift in Sources */ = {isa = PBXBuildFile; fileRef = 3FF35F6F2A01AF3900EC32C2 /* sect_Part2dot1.swift */; };
/* End PBXBuildFile section */

/* Begin PBXContainerItemProxy section */
		3F4149C029E721BF0093122E /* PBXContainerItemProxy */ = {
			isa = PBXContainerItemProxy;
			containerPortal = 3F4149A729E721BC0093122E /* Project object */;
			proxyType = 1;
			remoteGlobalIDString = 3F4149AE29E721BC0093122E;
			remoteInfo = Drawing;
		};
		3F4149CA29E721C00093122E /* PBXContainerItemProxy */ = {
			isa = PBXContainerItemProxy;
			containerPortal = 3F4149A729E721BC0093122E /* Project object */;
			proxyType = 1;
			remoteGlobalIDString = 3F4149AE29E721BC0093122E;
			remoteInfo = Drawing;
		};
/* End PBXContainerItemProxy section */

/* Begin PBXFileReference section */
		3F395E892A0454B400970BA0 /* sect_Part2dot2.swift */ = {isa = PBXFileReference; lastKnownFileType = sourcecode.swift; path = sect_Part2dot2.swift; sourceTree = "<group>"; };
		3F395E8C2A04618200970BA0 /* Sunny_green_paddy_fields_with_trees_and_long_shadows_at_golden_hour.jpg */ = {isa = PBXFileReference; lastKnownFileType = image.jpeg; path = Sunny_green_paddy_fields_with_trees_and_long_shadows_at_golden_hour.jpg; sourceTree = "<group>"; };
		3F395E8D2A04618200970BA0 /* pexels-pixabay-68474.jpg */ = {isa = PBXFileReference; lastKnownFileType = image.jpeg; path = "pexels-pixabay-68474.jpg"; sourceTree = "<group>"; };
		3F395E902A0461A700970BA0 /* creditsImages.md */ = {isa = PBXFileReference; lastKnownFileType = net.daringfireball.markdown; path = creditsImages.md; sourceTree = "<group>"; };
		3F395E912A052AB900970BA0 /* sect_Part2dot3.swift */ = {isa = PBXFileReference; lastKnownFileType = sourcecode.swift; path = sect_Part2dot3.swift; sourceTree = "<group>"; };
		3F4149AF29E721BD0093122E /* Drawing.app */ = {isa = PBXFileReference; explicitFileType = wrapper.application; includeInIndex = 0; path = Drawing.app; sourceTree = BUILT_PRODUCTS_DIR; };
		3F4149B229E721BD0093122E /* DrawingApp.swift */ = {isa = PBXFileReference; lastKnownFileType = sourcecode.swift; path = DrawingApp.swift; sourceTree = "<group>"; };
		3F4149B429E721BD0093122E /* ContentView.swift */ = {isa = PBXFileReference; lastKnownFileType = sourcecode.swift; path = ContentView.swift; sourceTree = "<group>"; };
		3F4149B629E721BF0093122E /* Assets.xcassets */ = {isa = PBXFileReference; lastKnownFileType = folder.assetcatalog; path = Assets.xcassets; sourceTree = "<group>"; };
		3F4149B929E721BF0093122E /* Preview Assets.xcassets */ = {isa = PBXFileReference; lastKnownFileType = folder.assetcatalog; path = "Preview Assets.xcassets"; sourceTree = "<group>"; };
		3F4149BF29E721BF0093122E /* DrawingTests.xctest */ = {isa = PBXFileReference; explicitFileType = wrapper.cfbundle; includeInIndex = 0; path = DrawingTests.xctest; sourceTree = BUILT_PRODUCTS_DIR; };
		3F4149C329E721BF0093122E /* DrawingTests.swift */ = {isa = PBXFileReference; lastKnownFileType = sourcecode.swift; path = DrawingTests.swift; sourceTree = "<group>"; };
		3F4149C929E721C00093122E /* DrawingUITests.xctest */ = {isa = PBXFileReference; explicitFileType = wrapper.cfbundle; includeInIndex = 0; path = DrawingUITests.xctest; sourceTree = BUILT_PRODUCTS_DIR; };
		3F4149CD29E721C00093122E /* DrawingUITests.swift */ = {isa = PBXFileReference; lastKnownFileType = sourcecode.swift; path = DrawingUITests.swift; sourceTree = "<group>"; };
		3F4149CF29E721C00093122E /* DrawingUITestsLaunchTests.swift */ = {isa = PBXFileReference; lastKnownFileType = sourcecode.swift; path = DrawingUITestsLaunchTests.swift; sourceTree = "<group>"; };
		3F4149DC29E721F10093122E /* README.md */ = {isa = PBXFileReference; lastKnownFileType = net.daringfireball.markdown; path = README.md; sourceTree = "<group>"; };
		3F4149DE29E722010093122E /* rfer.md */ = {isa = PBXFileReference; lastKnownFileType = net.daringfireball.markdown; path = rfer.md; sourceTree = "<group>"; };
		3F5D4A202A0C227100372EDA /* ArrowView.swift */ = {isa = PBXFileReference; lastKnownFileType = sourcecode.swift; path = ArrowView.swift; sourceTree = "<group>"; };
		3F9DE45B2A0848450078A24C /* sect_Part3dot1.swift */ = {isa = PBXFileReference; lastKnownFileType = sourcecode.swift; path = sect_Part3dot1.swift; sourceTree = "<group>"; };
		3F9DE45D2A0849220078A24C /* 262355.png */ = {isa = PBXFileReference; lastKnownFileType = image.png; path = 262355.png; sourceTree = "<group>"; };
		3F9DE4612A09A0E20078A24C /* sect_Part3dot2.swift */ = {isa = PBXFileReference; lastKnownFileType = sourcecode.swift; path = sect_Part3dot2.swift; sourceTree = "<group>"; };
		3FB0BA462A0AD845007937B1 /* sect_Part3dot3.swift */ = {isa = PBXFileReference; lastKnownFileType = sourcecode.swift; path = sect_Part3dot3.swift; sourceTree = "<group>"; };
		3FB0BA482A0B0841007937B1 /* sect_Part3dot4.swift */ = {isa = PBXFileReference; lastKnownFileType = sourcecode.swift; path = sect_Part3dot4.swift; sourceTree = "<group>"; };
		3FF35F682A0060E500EC32C2 /* impl_Part1dot2.swift */ = {isa = PBXFileReference; fileEncoding = 4; lastKnownFileType = sourcecode.swift; path = impl_Part1dot2.swift; sourceTree = "<group>"; };
		3FF35F6A2A00645100EC32C2 /* impl_Part1dot3.swift */ = {isa = PBXFileReference; lastKnownFileType = sourcecode.swift; path = impl_Part1dot3.swift; sourceTree = "<group>"; };
		3FF35F6C2A01A74900EC32C2 /* impl_Part1dot4.swift */ = {isa = PBXFileReference; lastKnownFileType = sourcecode.swift; path = impl_Part1dot4.swift; sourceTree = "<group>"; };
		3FF35F6F2A01AF3900EC32C2 /* sect_Part2dot1.swift */ = {isa = PBXFileReference; lastKnownFileType = sourcecode.swift; path = sect_Part2dot1.swift; sourceTree = "<group>"; };
/* End PBXFileReference section */

/* Begin PBXFrameworksBuildPhase section */
		3F4149AC29E721BC0093122E /* Frameworks */ = {
			isa = PBXFrameworksBuildPhase;
			buildActionMask = 2147483647;
			files = (
			);
			runOnlyForDeploymentPostprocessing = 0;
		};
		3F4149BC29E721BF0093122E /* Frameworks */ = {
			isa = PBXFrameworksBuildPhase;
			buildActionMask = 2147483647;
			files = (
			);
			runOnlyForDeploymentPostprocessing = 0;
		};
		3F4149C629E721C00093122E /* Frameworks */ = {
			isa = PBXFrameworksBuildPhase;
			buildActionMask = 2147483647;
			files = (
			);
			runOnlyForDeploymentPostprocessing = 0;
		};
/* End PBXFrameworksBuildPhase section */

/* Begin PBXGroup section */
		3F395E8B2A04618200970BA0 /* _images */ = {
			isa = PBXGroup;
			children = (
				3F395E8C2A04618200970BA0 /* Sunny_green_paddy_fields_with_trees_and_long_shadows_at_golden_hour.jpg */,
				3F395E8D2A04618200970BA0 /* pexels-pixabay-68474.jpg */,
				3F395E902A0461A700970BA0 /* creditsImages.md */,
				3F9DE45D2A0849220078A24C /* 262355.png */,
			);
			path = _images;
			sourceTree = "<group>";
		};
		3F4149A629E721BC0093122E = {
			isa = PBXGroup;
			children = (
				3F395E8B2A04618200970BA0 /* _images */,
				3F4149DD29E721F60093122E /* _docs */,
				3F4149DC29E721F10093122E /* README.md */,
				3F4149B129E721BD0093122E /* Drawing */,
				3F4149C229E721BF0093122E /* DrawingTests */,
				3F4149CC29E721C00093122E /* DrawingUITests */,
				3F4149B029E721BD0093122E /* Products */,
			);
			sourceTree = "<group>";
		};
		3F4149B029E721BD0093122E /* Products */ = {
			isa = PBXGroup;
			children = (
				3F4149AF29E721BD0093122E /* Drawing.app */,
				3F4149BF29E721BF0093122E /* DrawingTests.xctest */,
				3F4149C929E721C00093122E /* DrawingUITests.xctest */,
			);
			name = Products;
			sourceTree = "<group>";
		};
		3F4149B129E721BD0093122E /* Drawing */ = {
			isa = PBXGroup;
			children = (
				3F5D4A1F2A0C225C00372EDA /* part4 */,
				3F9DE45A2A08482F0078A24C /* part3 */,
				3FF35F6E2A01AF2000EC32C2 /* part2 */,
				3FF35F672A0060E500EC32C2 /* part1 */,
				3F4149B229E721BD0093122E /* DrawingApp.swift */,
				3F4149B429E721BD0093122E /* ContentView.swift */,
				3F4149B629E721BF0093122E /* Assets.xcassets */,
				3F4149B829E721BF0093122E /* Preview Content */,
			);
			path = Drawing;
			sourceTree = "<group>";
		};
		3F4149B829E721BF0093122E /* Preview Content */ = {
			isa = PBXGroup;
			children = (
				3F4149B929E721BF0093122E /* Preview Assets.xcassets */,
			);
			path = "Preview Content";
			sourceTree = "<group>";
		};
		3F4149C229E721BF0093122E /* DrawingTests */ = {
			isa = PBXGroup;
			children = (
				3F4149C329E721BF0093122E /* DrawingTests.swift */,
			);
			path = DrawingTests;
			sourceTree = "<group>";
		};
		3F4149CC29E721C00093122E /* DrawingUITests */ = {
			isa = PBXGroup;
			children = (
				3F4149CD29E721C00093122E /* DrawingUITests.swift */,
				3F4149CF29E721C00093122E /* DrawingUITestsLaunchTests.swift */,
			);
			path = DrawingUITests;
			sourceTree = "<group>";
		};
		3F4149DD29E721F60093122E /* _docs */ = {
			isa = PBXGroup;
			children = (
				3F4149DE29E722010093122E /* rfer.md */,
			);
			path = _docs;
			sourceTree = "<group>";
		};
		3F5D4A1F2A0C225C00372EDA /* part4 */ = {
			isa = PBXGroup;
			children = (
				3F5D4A202A0C227100372EDA /* ArrowView.swift */,
			);
			path = part4;
			sourceTree = "<group>";
		};
		3F9DE45A2A08482F0078A24C /* part3 */ = {
			isa = PBXGroup;
			children = (
				3FB0BA482A0B0841007937B1 /* sect_Part3dot4.swift */,
				3F9DE45B2A0848450078A24C /* sect_Part3dot1.swift */,
				3F9DE4612A09A0E20078A24C /* sect_Part3dot2.swift */,
				3FB0BA462A0AD845007937B1 /* sect_Part3dot3.swift */,
			);
			path = part3;
			sourceTree = "<group>";
		};
		3FF35F672A0060E500EC32C2 /* part1 */ = {
			isa = PBXGroup;
			children = (
				3FF35F682A0060E500EC32C2 /* impl_Part1dot2.swift */,
				3FF35F6A2A00645100EC32C2 /* impl_Part1dot3.swift */,
				3FF35F6C2A01A74900EC32C2 /* impl_Part1dot4.swift */,
			);
			name = part1;
			path = Drawing/part1;
			sourceTree = SOURCE_ROOT;
		};
		3FF35F6E2A01AF2000EC32C2 /* part2 */ = {
			isa = PBXGroup;
			children = (
				3FF35F6F2A01AF3900EC32C2 /* sect_Part2dot1.swift */,
				3F395E912A052AB900970BA0 /* sect_Part2dot3.swift */,
				3F395E892A0454B400970BA0 /* sect_Part2dot2.swift */,
			);
			path = part2;
			sourceTree = "<group>";
		};
/* End PBXGroup section */

/* Begin PBXNativeTarget section */
		3F4149AE29E721BC0093122E /* Drawing */ = {
			isa = PBXNativeTarget;
			buildConfigurationList = 3F4149D329E721C00093122E /* Build configuration list for PBXNativeTarget "Drawing" */;
			buildPhases = (
				3F4149AB29E721BC0093122E /* Sources */,
				3F4149AC29E721BC0093122E /* Frameworks */,
				3F4149AD29E721BC0093122E /* Resources */,
			);
			buildRules = (
			);
			dependencies = (
			);
			name = Drawing;
			productName = Drawing;
			productReference = 3F4149AF29E721BD0093122E /* Drawing.app */;
			productType = "com.apple.product-type.application";
		};
		3F4149BE29E721BF0093122E /* DrawingTests */ = {
			isa = PBXNativeTarget;
			buildConfigurationList = 3F4149D629E721C00093122E /* Build configuration list for PBXNativeTarget "DrawingTests" */;
			buildPhases = (
				3F4149BB29E721BF0093122E /* Sources */,
				3F4149BC29E721BF0093122E /* Frameworks */,
				3F4149BD29E721BF0093122E /* Resources */,
			);
			buildRules = (
			);
			dependencies = (
				3F4149C129E721BF0093122E /* PBXTargetDependency */,
			);
			name = DrawingTests;
			productName = DrawingTests;
			productReference = 3F4149BF29E721BF0093122E /* DrawingTests.xctest */;
			productType = "com.apple.product-type.bundle.unit-test";
		};
		3F4149C829E721C00093122E /* DrawingUITests */ = {
			isa = PBXNativeTarget;
			buildConfigurationList = 3F4149D929E721C00093122E /* Build configuration list for PBXNativeTarget "DrawingUITests" */;
			buildPhases = (
				3F4149C529E721C00093122E /* Sources */,
				3F4149C629E721C00093122E /* Frameworks */,
				3F4149C729E721C00093122E /* Resources */,
			);
			buildRules = (
			);
			dependencies = (
				3F4149CB29E721C00093122E /* PBXTargetDependency */,
			);
			name = DrawingUITests;
			productName = DrawingUITests;
			productReference = 3F4149C929E721C00093122E /* DrawingUITests.xctest */;
			productType = "com.apple.product-type.bundle.ui-testing";
		};
/* End PBXNativeTarget section */

/* Begin PBXProject section */
		3F4149A729E721BC0093122E /* Project object */ = {
			isa = PBXProject;
			attributes = {
				BuildIndependentTargetsInParallel = 1;
				LastSwiftUpdateCheck = 1430;
				LastUpgradeCheck = 1430;
				TargetAttributes = {
					3F4149AE29E721BC0093122E = {
						CreatedOnToolsVersion = 14.3;
					};
					3F4149BE29E721BF0093122E = {
						CreatedOnToolsVersion = 14.3;
						TestTargetID = 3F4149AE29E721BC0093122E;
					};
					3F4149C829E721C00093122E = {
						CreatedOnToolsVersion = 14.3;
						TestTargetID = 3F4149AE29E721BC0093122E;
					};
				};
			};
			buildConfigurationList = 3F4149AA29E721BC0093122E /* Build configuration list for PBXProject "Drawing" */;
			compatibilityVersion = "Xcode 14.0";
			developmentRegion = en;
			hasScannedForEncodings = 0;
			knownRegions = (
				en,
				Base,
			);
			mainGroup = 3F4149A629E721BC0093122E;
			productRefGroup = 3F4149B029E721BD0093122E /* Products */;
			projectDirPath = "";
			projectRoot = "";
			targets = (
				3F4149AE29E721BC0093122E /* Drawing */,
				3F4149BE29E721BF0093122E /* DrawingTests */,
				3F4149C829E721C00093122E /* DrawingUITests */,
			);
		};
/* End PBXProject section */

/* Begin PBXResourcesBuildPhase section */
		3F4149AD29E721BC0093122E /* Resources */ = {
			isa = PBXResourcesBuildPhase;
			buildActionMask = 2147483647;
			files = (
				3F395E8E2A04618200970BA0 /* Sunny_green_paddy_fields_with_trees_and_long_shadows_at_golden_hour.jpg in Resources */,
				3F395E8F2A04618200970BA0 /* pexels-pixabay-68474.jpg in Resources */,
				3F4149BA29E721BF0093122E /* Preview Assets.xcassets in Resources */,
				3F4149B729E721BF0093122E /* Assets.xcassets in Resources */,
				3F9DE45E2A0849220078A24C /* 262355.png in Resources */,
			);
			runOnlyForDeploymentPostprocessing = 0;
		};
		3F4149BD29E721BF0093122E /* Resources */ = {
			isa = PBXResourcesBuildPhase;
			buildActionMask = 2147483647;
			files = (
			);
			runOnlyForDeploymentPostprocessing = 0;
		};
		3F4149C729E721C00093122E /* Resources */ = {
			isa = PBXResourcesBuildPhase;
			buildActionMask = 2147483647;
			files = (
			);
			runOnlyForDeploymentPostprocessing = 0;
		};
/* End PBXResourcesBuildPhase section */

/* Begin PBXSourcesBuildPhase section */
		3F4149AB29E721BC0093122E /* Sources */ = {
			isa = PBXSourcesBuildPhase;
			buildActionMask = 2147483647;
			files = (
				3FB0BA472A0AD845007937B1 /* sect_Part3dot3.swift in Sources */,
				3F9DE4622A09A0E20078A24C /* sect_Part3dot2.swift in Sources */,
				3FB0BA492A0B0841007937B1 /* sect_Part3dot4.swift in Sources */,
				3F395E922A052AB900970BA0 /* sect_Part2dot3.swift in Sources */,
				3F4149B529E721BD0093122E /* ContentView.swift in Sources */,
				3FF35F6B2A00645100EC32C2 /* impl_Part1dot3.swift in Sources */,
				3F395E8A2A0454B400970BA0 /* sect_Part2dot2.swift in Sources */,
				3F5D4A212A0C227100372EDA /* ArrowView.swift in Sources */,
				3FF35F6D2A01A74900EC32C2 /* impl_Part1dot4.swift in Sources */,
				3FF35F692A0060E500EC32C2 /* impl_Part1dot2.swift in Sources */,
				3F9DE45C2A0848450078A24C /* sect_Part3dot1.swift in Sources */,
				3FF35F702A01AF3900EC32C2 /* sect_Part2dot1.swift in Sources */,
				3F4149B329E721BD0093122E /* DrawingApp.swift in Sources */,
			);
			runOnlyForDeploymentPostprocessing = 0;
		};
		3F4149BB29E721BF0093122E /* Sources */ = {
			isa = PBXSourcesBuildPhase;
			buildActionMask = 2147483647;
			files = (
				3F4149C429E721BF0093122E /* DrawingTests.swift in Sources */,
			);
			runOnlyForDeploymentPostprocessing = 0;
		};
		3F4149C529E721C00093122E /* Sources */ = {
			isa = PBXSourcesBuildPhase;
			buildActionMask = 2147483647;
			files = (
				3F4149CE29E721C00093122E /* DrawingUITests.swift in Sources */,
				3F4149D029E721C00093122E /* DrawingUITestsLaunchTests.swift in Sources */,
			);
			runOnlyForDeploymentPostprocessing = 0;
		};
/* End PBXSourcesBuildPhase section */

/* Begin PBXTargetDependency section */
		3F4149C129E721BF0093122E /* PBXTargetDependency */ = {
			isa = PBXTargetDependency;
			target = 3F4149AE29E721BC0093122E /* Drawing */;
			targetProxy = 3F4149C029E721BF0093122E /* PBXContainerItemProxy */;
		};
		3F4149CB29E721C00093122E /* PBXTargetDependency */ = {
			isa = PBXTargetDependency;
			target = 3F4149AE29E721BC0093122E /* Drawing */;
			targetProxy = 3F4149CA29E721C00093122E /* PBXContainerItemProxy */;
		};
/* End PBXTargetDependency section */

/* Begin XCBuildConfiguration section */
		3F4149D129E721C00093122E /* Debug */ = {
			isa = XCBuildConfiguration;
			buildSettings = {
				ALWAYS_SEARCH_USER_PATHS = NO;
				CLANG_ANALYZER_NONNULL = YES;
				CLANG_ANALYZER_NUMBER_OBJECT_CONVERSION = YES_AGGRESSIVE;
				CLANG_CXX_LANGUAGE_STANDARD = "gnu++20";
				CLANG_ENABLE_MODULES = YES;
				CLANG_ENABLE_OBJC_ARC = YES;
				CLANG_ENABLE_OBJC_WEAK = YES;
				CLANG_WARN_BLOCK_CAPTURE_AUTORELEASING = YES;
				CLANG_WARN_BOOL_CONVERSION = YES;
				CLANG_WARN_COMMA = YES;
				CLANG_WARN_CONSTANT_CONVERSION = YES;
				CLANG_WARN_DEPRECATED_OBJC_IMPLEMENTATIONS = YES;
				CLANG_WARN_DIRECT_OBJC_ISA_USAGE = YES_ERROR;
				CLANG_WARN_DOCUMENTATION_COMMENTS = YES;
				CLANG_WARN_EMPTY_BODY = YES;
				CLANG_WARN_ENUM_CONVERSION = YES;
				CLANG_WARN_INFINITE_RECURSION = YES;
				CLANG_WARN_INT_CONVERSION = YES;
				CLANG_WARN_NON_LITERAL_NULL_CONVERSION = YES;
				CLANG_WARN_OBJC_IMPLICIT_RETAIN_SELF = YES;
				CLANG_WARN_OBJC_LITERAL_CONVERSION = YES;
				CLANG_WARN_OBJC_ROOT_CLASS = YES_ERROR;
				CLANG_WARN_QUOTED_INCLUDE_IN_FRAMEWORK_HEADER = YES;
				CLANG_WARN_RANGE_LOOP_ANALYSIS = YES;
				CLANG_WARN_STRICT_PROTOTYPES = YES;
				CLANG_WARN_SUSPICIOUS_MOVE = YES;
				CLANG_WARN_UNGUARDED_AVAILABILITY = YES_AGGRESSIVE;
				CLANG_WARN_UNREACHABLE_CODE = YES;
				CLANG_WARN__DUPLICATE_METHOD_MATCH = YES;
				COPY_PHASE_STRIP = NO;
				DEBUG_INFORMATION_FORMAT = dwarf;
				ENABLE_STRICT_OBJC_MSGSEND = YES;
				ENABLE_TESTABILITY = YES;
				GCC_C_LANGUAGE_STANDARD = gnu11;
				GCC_DYNAMIC_NO_PIC = NO;
				GCC_NO_COMMON_BLOCKS = YES;
				GCC_OPTIMIZATION_LEVEL = 0;
				GCC_PREPROCESSOR_DEFINITIONS = (
					"DEBUG=1",
					"$(inherited)",
				);
				GCC_WARN_64_TO_32_BIT_CONVERSION = YES;
				GCC_WARN_ABOUT_RETURN_TYPE = YES_ERROR;
				GCC_WARN_UNDECLARED_SELECTOR = YES;
				GCC_WARN_UNINITIALIZED_AUTOS = YES_AGGRESSIVE;
				GCC_WARN_UNUSED_FUNCTION = YES;
				GCC_WARN_UNUSED_VARIABLE = YES;
				IPHONEOS_DEPLOYMENT_TARGET = 16.4;
				MTL_ENABLE_DEBUG_INFO = INCLUDE_SOURCE;
				MTL_FAST_MATH = YES;
				ONLY_ACTIVE_ARCH = YES;
				SDKROOT = iphoneos;
				SWIFT_ACTIVE_COMPILATION_CONDITIONS = DEBUG;
				SWIFT_OPTIMIZATION_LEVEL = "-Onone";
			};
			name = Debug;
		};
		3F4149D229E721C00093122E /* Release */ = {
			isa = XCBuildConfiguration;
			buildSettings = {
				ALWAYS_SEARCH_USER_PATHS = NO;
				CLANG_ANALYZER_NONNULL = YES;
				CLANG_ANALYZER_NUMBER_OBJECT_CONVERSION = YES_AGGRESSIVE;
				CLANG_CXX_LANGUAGE_STANDARD = "gnu++20";
				CLANG_ENABLE_MODULES = YES;
				CLANG_ENABLE_OBJC_ARC = YES;
				CLANG_ENABLE_OBJC_WEAK = YES;
				CLANG_WARN_BLOCK_CAPTURE_AUTORELEASING = YES;
				CLANG_WARN_BOOL_CONVERSION = YES;
				CLANG_WARN_COMMA = YES;
				CLANG_WARN_CONSTANT_CONVERSION = YES;
				CLANG_WARN_DEPRECATED_OBJC_IMPLEMENTATIONS = YES;
				CLANG_WARN_DIRECT_OBJC_ISA_USAGE = YES_ERROR;
				CLANG_WARN_DOCUMENTATION_COMMENTS = YES;
				CLANG_WARN_EMPTY_BODY = YES;
				CLANG_WARN_ENUM_CONVERSION = YES;
				CLANG_WARN_INFINITE_RECURSION = YES;
				CLANG_WARN_INT_CONVERSION = YES;
				CLANG_WARN_NON_LITERAL_NULL_CONVERSION = YES;
				CLANG_WARN_OBJC_IMPLICIT_RETAIN_SELF = YES;
				CLANG_WARN_OBJC_LITERAL_CONVERSION = YES;
				CLANG_WARN_OBJC_ROOT_CLASS = YES_ERROR;
				CLANG_WARN_QUOTED_INCLUDE_IN_FRAMEWORK_HEADER = YES;
				CLANG_WARN_RANGE_LOOP_ANALYSIS = YES;
				CLANG_WARN_STRICT_PROTOTYPES = YES;
				CLANG_WARN_SUSPICIOUS_MOVE = YES;
				CLANG_WARN_UNGUARDED_AVAILABILITY = YES_AGGRESSIVE;
				CLANG_WARN_UNREACHABLE_CODE = YES;
				CLANG_WARN__DUPLICATE_METHOD_MATCH = YES;
				COPY_PHASE_STRIP = NO;
				DEBUG_INFORMATION_FORMAT = "dwarf-with-dsym";
				ENABLE_NS_ASSERTIONS = NO;
				ENABLE_STRICT_OBJC_MSGSEND = YES;
				GCC_C_LANGUAGE_STANDARD = gnu11;
				GCC_NO_COMMON_BLOCKS = YES;
				GCC_WARN_64_TO_32_BIT_CONVERSION = YES;
				GCC_WARN_ABOUT_RETURN_TYPE = YES_ERROR;
				GCC_WARN_UNDECLARED_SELECTOR = YES;
				GCC_WARN_UNINITIALIZED_AUTOS = YES_AGGRESSIVE;
				GCC_WARN_UNUSED_FUNCTION = YES;
				GCC_WARN_UNUSED_VARIABLE = YES;
				IPHONEOS_DEPLOYMENT_TARGET = 16.4;
				MTL_ENABLE_DEBUG_INFO = NO;
				MTL_FAST_MATH = YES;
				SDKROOT = iphoneos;
				SWIFT_COMPILATION_MODE = wholemodule;
				SWIFT_OPTIMIZATION_LEVEL = "-O";
				VALIDATE_PRODUCT = YES;
			};
			name = Release;
		};
		3F4149D429E721C00093122E /* Debug */ = {
			isa = XCBuildConfiguration;
			buildSettings = {
				ASSETCATALOG_COMPILER_APPICON_NAME = AppIcon;
				ASSETCATALOG_COMPILER_GLOBAL_ACCENT_COLOR_NAME = AccentColor;
				CODE_SIGN_STYLE = Automatic;
				CURRENT_PROJECT_VERSION = 1;
				DEVELOPMENT_ASSET_PATHS = "\"Drawing/Preview Content\"";
				DEVELOPMENT_TEAM = W9872ZR7W8;
				ENABLE_PREVIEWS = YES;
				GENERATE_INFOPLIST_FILE = YES;
				INFOPLIST_KEY_UIApplicationSceneManifest_Generation = YES;
				INFOPLIST_KEY_UIApplicationSupportsIndirectInputEvents = YES;
				INFOPLIST_KEY_UILaunchScreen_Generation = YES;
				INFOPLIST_KEY_UISupportedInterfaceOrientations_iPad = "UIInterfaceOrientationPortrait UIInterfaceOrientationPortraitUpsideDown UIInterfaceOrientationLandscapeLeft UIInterfaceOrientationLandscapeRight";
				INFOPLIST_KEY_UISupportedInterfaceOrientations_iPhone = "UIInterfaceOrientationPortrait UIInterfaceOrientationLandscapeLeft UIInterfaceOrientationLandscapeRight";
				LD_RUNPATH_SEARCH_PATHS = (
					"$(inherited)",
					"@executable_path/Frameworks",
				);
				MARKETING_VERSION = 1.0;
				PRODUCT_BUNDLE_IDENTIFIER = SeikaHirori.Drawing;
				PRODUCT_NAME = "$(TARGET_NAME)";
				SWIFT_EMIT_LOC_STRINGS = YES;
				SWIFT_VERSION = 5.0;
				TARGETED_DEVICE_FAMILY = "1,2";
			};
			name = Debug;
		};
		3F4149D529E721C00093122E /* Release */ = {
			isa = XCBuildConfiguration;
			buildSettings = {
				ASSETCATALOG_COMPILER_APPICON_NAME = AppIcon;
				ASSETCATALOG_COMPILER_GLOBAL_ACCENT_COLOR_NAME = AccentColor;
				CODE_SIGN_STYLE = Automatic;
				CURRENT_PROJECT_VERSION = 1;
				DEVELOPMENT_ASSET_PATHS = "\"Drawing/Preview Content\"";
				DEVELOPMENT_TEAM = W9872ZR7W8;
				ENABLE_PREVIEWS = YES;
				GENERATE_INFOPLIST_FILE = YES;
				INFOPLIST_KEY_UIApplicationSceneManifest_Generation = YES;
				INFOPLIST_KEY_UIApplicationSupportsIndirectInputEvents = YES;
				INFOPLIST_KEY_UILaunchScreen_Generation = YES;
				INFOPLIST_KEY_UISupportedInterfaceOrientations_iPad = "UIInterfaceOrientationPortrait UIInterfaceOrientationPortraitUpsideDown UIInterfaceOrientationLandscapeLeft UIInterfaceOrientationLandscapeRight";
				INFOPLIST_KEY_UISupportedInterfaceOrientations_iPhone = "UIInterfaceOrientationPortrait UIInterfaceOrientationLandscapeLeft UIInterfaceOrientationLandscapeRight";
				LD_RUNPATH_SEARCH_PATHS = (
					"$(inherited)",
					"@executable_path/Frameworks",
				);
				MARKETING_VERSION = 1.0;
				PRODUCT_BUNDLE_IDENTIFIER = SeikaHirori.Drawing;
				PRODUCT_NAME = "$(TARGET_NAME)";
				SWIFT_EMIT_LOC_STRINGS = YES;
				SWIFT_VERSION = 5.0;
				TARGETED_DEVICE_FAMILY = "1,2";
			};
			name = Release;
		};
		3F4149D729E721C00093122E /* Debug */ = {
			isa = XCBuildConfiguration;
			buildSettings = {
				ALWAYS_EMBED_SWIFT_STANDARD_LIBRARIES = YES;
				BUNDLE_LOADER = "$(TEST_HOST)";
				CODE_SIGN_STYLE = Automatic;
				CURRENT_PROJECT_VERSION = 1;
				DEVELOPMENT_TEAM = W9872ZR7W8;
				GENERATE_INFOPLIST_FILE = YES;
				IPHONEOS_DEPLOYMENT_TARGET = 16.4;
				MARKETING_VERSION = 1.0;
				PRODUCT_BUNDLE_IDENTIFIER = SeikaHirori.DrawingTests;
				PRODUCT_NAME = "$(TARGET_NAME)";
				SWIFT_EMIT_LOC_STRINGS = NO;
				SWIFT_VERSION = 5.0;
				TARGETED_DEVICE_FAMILY = "1,2";
				TEST_HOST = "$(BUILT_PRODUCTS_DIR)/Drawing.app/$(BUNDLE_EXECUTABLE_FOLDER_PATH)/Drawing";
			};
			name = Debug;
		};
		3F4149D829E721C00093122E /* Release */ = {
			isa = XCBuildConfiguration;
			buildSettings = {
				ALWAYS_EMBED_SWIFT_STANDARD_LIBRARIES = YES;
				BUNDLE_LOADER = "$(TEST_HOST)";
				CODE_SIGN_STYLE = Automatic;
				CURRENT_PROJECT_VERSION = 1;
				DEVELOPMENT_TEAM = W9872ZR7W8;
				GENERATE_INFOPLIST_FILE = YES;
				IPHONEOS_DEPLOYMENT_TARGET = 16.4;
				MARKETING_VERSION = 1.0;
				PRODUCT_BUNDLE_IDENTIFIER = SeikaHirori.DrawingTests;
				PRODUCT_NAME = "$(TARGET_NAME)";
				SWIFT_EMIT_LOC_STRINGS = NO;
				SWIFT_VERSION = 5.0;
				TARGETED_DEVICE_FAMILY = "1,2";
				TEST_HOST = "$(BUILT_PRODUCTS_DIR)/Drawing.app/$(BUNDLE_EXECUTABLE_FOLDER_PATH)/Drawing";
			};
			name = Release;
		};
		3F4149DA29E721C00093122E /* Debug */ = {
			isa = XCBuildConfiguration;
			buildSettings = {
				ALWAYS_EMBED_SWIFT_STANDARD_LIBRARIES = YES;
				CODE_SIGN_STYLE = Automatic;
				CURRENT_PROJECT_VERSION = 1;
				DEVELOPMENT_TEAM = W9872ZR7W8;
				GENERATE_INFOPLIST_FILE = YES;
				MARKETING_VERSION = 1.0;
				PRODUCT_BUNDLE_IDENTIFIER = SeikaHirori.DrawingUITests;
				PRODUCT_NAME = "$(TARGET_NAME)";
				SWIFT_EMIT_LOC_STRINGS = NO;
				SWIFT_VERSION = 5.0;
				TARGETED_DEVICE_FAMILY = "1,2";
				TEST_TARGET_NAME = Drawing;
			};
			name = Debug;
		};
		3F4149DB29E721C00093122E /* Release */ = {
			isa = XCBuildConfiguration;
			buildSettings = {
				ALWAYS_EMBED_SWIFT_STANDARD_LIBRARIES = YES;
				CODE_SIGN_STYLE = Automatic;
				CURRENT_PROJECT_VERSION = 1;
				DEVELOPMENT_TEAM = W9872ZR7W8;
				GENERATE_INFOPLIST_FILE = YES;
				MARKETING_VERSION = 1.0;
				PRODUCT_BUNDLE_IDENTIFIER = SeikaHirori.DrawingUITests;
				PRODUCT_NAME = "$(TARGET_NAME)";
				SWIFT_EMIT_LOC_STRINGS = NO;
				SWIFT_VERSION = 5.0;
				TARGETED_DEVICE_FAMILY = "1,2";
				TEST_TARGET_NAME = Drawing;
			};
			name = Release;
		};
/* End XCBuildConfiguration section */

/* Begin XCConfigurationList section */
		3F4149AA29E721BC0093122E /* Build configuration list for PBXProject "Drawing" */ = {
			isa = XCConfigurationList;
			buildConfigurations = (
				3F4149D129E721C00093122E /* Debug */,
				3F4149D229E721C00093122E /* Release */,
			);
			defaultConfigurationIsVisible = 0;
			defaultConfigurationName = Release;
		};
		3F4149D329E721C00093122E /* Build configuration list for PBXNativeTarget "Drawing" */ = {
			isa = XCConfigurationList;
			buildConfigurations = (
				3F4149D429E721C00093122E /* Debug */,
				3F4149D529E721C00093122E /* Release */,
			);
			defaultConfigurationIsVisible = 0;
			defaultConfigurationName = Release;
		};
		3F4149D629E721C00093122E /* Build configuration list for PBXNativeTarget "DrawingTests" */ = {
			isa = XCConfigurationList;
			buildConfigurations = (
				3F4149D729E721C00093122E /* Debug */,
				3F4149D829E721C00093122E /* Release */,
			);
			defaultConfigurationIsVisible = 0;
			defaultConfigurationName = Release;
		};
		3F4149D929E721C00093122E /* Build configuration list for PBXNativeTarget "DrawingUITests" */ = {
			isa = XCConfigurationList;
			buildConfigurations = (
				3F4149DA29E721C00093122E /* Debug */,
				3F4149DB29E721C00093122E /* Release */,
			);
			defaultConfigurationIsVisible = 0;
			defaultConfigurationName = Release;
		};
/* End XCConfigurationList section */
	};
	rootObject = 3F4149A729E721BC0093122E /* Project object */;
}
